
Microsoft Visual Studio Solution File, Format Version 12.00
# Visual Studio Version 17
VisualStudioVersion = 17.1.32407.343
MinimumVisualStudioVersion = 10.0.40219.1
Project("{FAE04EC0-301F-11D3-BF4B-00C04F79EFBC}") = "Generator", "Generator.csproj", "{F056F9C4-EE53-484A-883D-FBB28E613D78}"
EndProject
Global
	GlobalSection(SolutionConfigurationPlatforms) = preSolution
		Debug|Any CPU = Debug|Any CPU
		Release|Any CPU = Release|Any CPU
	EndGlobalSection
	GlobalSection(ProjectConfigurationPlatforms) = postSolution
		{F056F9C4-EE53-484A-883D-FBB28E613D78}.Debug|Any CPU.ActiveCfg = Debug|Any CPU
		{F056F9C4-EE53-484A-883D-FBB28E613D78}.Debug|Any CPU.Build.0 = Debug|Any CPU
		{F056F9C4-EE53-484A-883D-FBB28E613D78}.Release|Any CPU.ActiveCfg = Release|Any CPU
		{F056F9C4-EE53-484A-883D-FBB28E613D78}.Release|Any CPU.Build.0 = Release|Any CPU
	EndGlobalSection
	GlobalSection(SolutionProperties) = preSolution
		HideSolutionNode = FALSE
	EndGlobalSection
	GlobalSection(ExtensibilityGlobals) = postSolution
		SolutionGuid = {49863C40-AAFB-46FB-A684-9523EF670C82}
	EndGlobalSection
EndGlobal
